// !$*UTF8*$!
{
	archiveVersion = 1;
	classes = {
	};
	objectVersion = 77;
	objects = {

/* Begin PBXContainerItemProxy section */
		3553D3A92E680A570015AA86 /* PBXContainerItemProxy */ = {
			isa = PBXContainerItemProxy;
			containerPortal = 3553D3902E680A570015AA86 /* Project object */;
			proxyType = 1;
			remoteGlobalIDString = 3553D3972E680A570015AA86;
			remoteInfo = SecureUserDirectory;
		};
		3553D3B32E680A570015AA86 /* PBXContainerItemProxy */ = {
			isa = PBXContainerItemProxy;
			containerPortal = 3553D3902E680A570015AA86 /* Project object */;
			proxyType = 1;
			remoteGlobalIDString = 3553D3972E680A570015AA86;
			remoteInfo = SecureUserDirectory;
		};
/* End PBXContainerItemProxy section */

/* Begin PBXFileReference section */
		3553D3982E680A570015AA86 /* SecureUserDirectory.app */ = {isa = PBXFileReference; explicitFileType = wrapper.application; includeInIndex = 0; path = SecureUserDirectory.app; sourceTree = BUILT_PRODUCTS_DIR; };
		3553D3A82E680A570015AA86 /* SecureUserDirectoryTests.xctest */ = {isa = PBXFileReference; explicitFileType = wrapper.cfbundle; includeInIndex = 0; path = SecureUserDirectoryTests.xctest; sourceTree = BUILT_PRODUCTS_DIR; };
		3553D3B22E680A570015AA86 /* SecureUserDirectoryUITests.xctest */ = {isa = PBXFileReference; explicitFileType = wrapper.cfbundle; includeInIndex = 0; path = SecureUserDirectoryUITests.xctest; sourceTree = BUILT_PRODUCTS_DIR; };
/* End PBXFileReference section */

/* Begin PBXFileSystemSynchronizedRootGroup section */
		3553D39A2E680A570015AA86 /* SecureUserDirectory */ = {
			isa = PBXFileSystemSynchronizedRootGroup;
			path = SecureUserDirectory;
			sourceTree = "<group>";
		};
		3553D3AB2E680A570015AA86 /* SecureUserDirectoryTests */ = {
			isa = PBXFileSystemSynchronizedRootGroup;
			path = SecureUserDirectoryTests;
			sourceTree = "<group>";
		};
		3553D3B52E680A570015AA86 /* SecureUserDirectoryUITests */ = {
			isa = PBXFileSystemSynchronizedRootGroup;
			path = SecureUserDirectoryUITests;
			sourceTree = "<group>";
		};
/* End PBXFileSystemSynchronizedRootGroup section */

/* Begin PBXFrameworksBuildPhase section */
		3553D3952E680A570015AA86 /* Frameworks */ = {
			isa = PBXFrameworksBuildPhase;
			buildActionMask = 2147483647;
			files = (
			);
			runOnlyForDeploymentPostprocessing = 0;
		};
		3553D3A52E680A570015AA86 /* Frameworks */ = {
			isa = PBXFrameworksBuildPhase;
			buildActionMask = 2147483647;
			files = (
			);
			runOnlyForDeploymentPostprocessing = 0;
		};
		3553D3AF2E680A570015AA86 /* Frameworks */ = {
			isa = PBXFrameworksBuildPhase;
			buildActionMask = 2147483647;
			files = (
			);
			runOnlyForDeploymentPostprocessing = 0;
		};
/* End PBXFrameworksBuildPhase section */

/* Begin PBXGroup section */
		3553D38F2E680A570015AA86 = {
			isa = PBXGroup;
			children = (
				3553D39A2E680A570015AA86 /* SecureUserDirectory */,
				3553D3AB2E680A570015AA86 /* SecureUserDirectoryTests */,
				3553D3B52E680A570015AA86 /* SecureUserDirectoryUITests */,
				3553D3992E680A570015AA86 /* Products */,
			);
			sourceTree = "<group>";
		};
		3553D3992E680A570015AA86 /* Products */ = {
			isa = PBXGroup;
			children = (
				3553D3982E680A570015AA86 /* SecureUserDirectory.app */,
				3553D3A82E680A570015AA86 /* SecureUserDirectoryTests.xctest */,
				3553D3B22E680A570015AA86 /* SecureUserDirectoryUITests.xctest */,
			);
			name = Products;
			sourceTree = "<group>";
		};
/* End PBXGroup section */

/* Begin PBXNativeTarget section */
		3553D3972E680A570015AA86 /* SecureUserDirectory */ = {
			isa = PBXNativeTarget;
			buildConfigurationList = 3553D3BC2E680A570015AA86 /* Build configuration list for PBXNativeTarget "SecureUserDirectory" */;
			buildPhases = (
				3553D3942E680A570015AA86 /* Sources */,
				3553D3952E680A570015AA86 /* Frameworks */,
				3553D3962E680A570015AA86 /* Resources */,
			);
			buildRules = (
			);
			dependencies = (
			);
			fileSystemSynchronizedGroups = (
				3553D39A2E680A570015AA86 /* SecureUserDirectory */,
			);
			name = SecureUserDirectory;
			packageProductDependencies = (
			);
			productName = SecureUserDirectory;
			productReference = 3553D3982E680A570015AA86 /* SecureUserDirectory.app */;
			productType = "com.apple.product-type.application";
		};
		3553D3A72E680A570015AA86 /* SecureUserDirectoryTests */ = {
			isa = PBXNativeTarget;
			buildConfigurationList = 3553D3BF2E680A570015AA86 /* Build configuration list for PBXNativeTarget "SecureUserDirectoryTests" */;
			buildPhases = (
				3553D3A42E680A570015AA86 /* Sources */,
				3553D3A52E680A570015AA86 /* Frameworks */,
				3553D3A62E680A570015AA86 /* Resources */,
			);
			buildRules = (
			);
			dependencies = (
				3553D3AA2E680A570015AA86 /* PBXTargetDependency */,
			);
			fileSystemSynchronizedGroups = (
				3553D3AB2E680A570015AA86 /* SecureUserDirectoryTests */,
			);
			name = SecureUserDirectoryTests;
			packageProductDependencies = (
			);
			productName = SecureUserDirectoryTests;
			productReference = 3553D3A82E680A570015AA86 /* SecureUserDirectoryTests.xctest */;
			productType = "com.apple.product-type.bundle.unit-test";
		};
		3553D3B12E680A570015AA86 /* SecureUserDirectoryUITests */ = {
			isa = PBXNativeTarget;
			buildConfigurationList = 3553D3C22E680A570015AA86 /* Build configuration list for PBXNativeTarget "SecureUserDirectoryUITests" */;
			buildPhases = (
				3553D3AE2E680A570015AA86 /* Sources */,
				3553D3AF2E680A570015AA86 /* Frameworks */,
				3553D3B02E680A570015AA86 /* Resources */,
			);
			buildRules = (
			);
			dependencies = (
				3553D3B42E680A570015AA86 /* PBXTargetDependency */,
			);
			fileSystemSynchronizedGroups = (
				3553D3B52E680A570015AA86 /* SecureUserDirectoryUITests */,
			);
			name = SecureUserDirectoryUITests;
			packageProductDependencies = (
			);
			productName = SecureUserDirectoryUITests;
			productReference = 3553D3B22E680A570015AA86 /* SecureUserDirectoryUITests.xctest */;
			productType = "com.apple.product-type.bundle.ui-testing";
		};
/* End PBXNativeTarget section */

/* Begin PBXProject section */
		3553D3902E680A570015AA86 /* Project object */ = {
			isa = PBXProject;
			attributes = {
				BuildIndependentTargetsInParallel = 1;
				LastSwiftUpdateCheck = 1620;
				LastUpgradeCheck = 1620;
				TargetAttributes = {
					3553D3972E680A570015AA86 = {
						CreatedOnToolsVersion = 16.2;
					};
					3553D3A72E680A570015AA86 = {
						CreatedOnToolsVersion = 16.2;
						TestTargetID = 3553D3972E680A570015AA86;
					};
					3553D3B12E680A570015AA86 = {
						CreatedOnToolsVersion = 16.2;
						TestTargetID = 3553D3972E680A570015AA86;
					};
				};
			};
			buildConfigurationList = 3553D3932E680A570015AA86 /* Build configuration list for PBXProject "SecureUserDirectory" */;
			developmentRegion = en;
			hasScannedForEncodings = 0;
			knownRegions = (
				en,
				Base,
			);
			mainGroup = 3553D38F2E680A570015AA86;
			minimizedProjectReferenceProxies = 1;
			preferredProjectObjectVersion = 77;
			productRefGroup = 3553D3992E680A570015AA86 /* Products */;
			projectDirPath = "";
			projectRoot = "";
			targets = (
				3553D3972E680A570015AA86 /* SecureUserDirectory */,
				3553D3A72E680A570015AA86 /* SecureUserDirectoryTests */,
				3553D3B12E680A570015AA86 /* SecureUserDirectoryUITests */,
			);
		};
/* End PBXProject section */

/* Begin PBXResourcesBuildPhase section */
		3553D3962E680A570015AA86 /* Resources */ = {
			isa = PBXResourcesBuildPhase;
			buildActionMask = 2147483647;
			files = (
			);
			runOnlyForDeploymentPostprocessing = 0;
		};
		3553D3A62E680A570015AA86 /* Resources */ = {
			isa = PBXResourcesBuildPhase;
			buildActionMask = 2147483647;
			files = (
			);
			runOnlyForDeploymentPostprocessing = 0;
		};
		3553D3B02E680A570015AA86 /* Resources */ = {
			isa = PBXResourcesBuildPhase;
			buildActionMask = 2147483647;
			files = (
			);
			runOnlyForDeploymentPostprocessing = 0;
		};
/* End PBXResourcesBuildPhase section */

/* Begin PBXSourcesBuildPhase section */
		3553D3942E680A570015AA86 /* Sources */ = {
			isa = PBXSourcesBuildPhase;
			buildActionMask = 2147483647;
			files = (
			);
			runOnlyForDeploymentPostprocessing = 0;
		};
		3553D3A42E680A570015AA86 /* Sources */ = {
			isa = PBXSourcesBuildPhase;
			buildActionMask = 2147483647;
			files = (
			);
			runOnlyForDeploymentPostprocessing = 0;
		};
		3553D3AE2E680A570015AA86 /* Sources */ = {
			isa = PBXSourcesBuildPhase;
			buildActionMask = 2147483647;
			files = (
			);
			runOnlyForDeploymentPostprocessing = 0;
		};
/* End PBXSourcesBuildPhase section */

/* Begin PBXTargetDependency section */
		3553D3AA2E680A570015AA86 /* PBXTargetDependency */ = {
			isa = PBXTargetDependency;
			target = 3553D3972E680A570015AA86 /* SecureUserDirectory */;
			targetProxy = 3553D3A92E680A570015AA86 /* PBXContainerItemProxy */;
		};
		3553D3B42E680A570015AA86 /* PBXTargetDependency */ = {
			isa = PBXTargetDependency;
			target = 3553D3972E680A570015AA86 /* SecureUserDirectory */;
			targetProxy = 3553D3B32E680A570015AA86 /* PBXContainerItemProxy */;
		};
/* End PBXTargetDependency section */

/* Begin XCBuildConfiguration section */
		3553D3BA2E680A570015AA86 /* Debug */ = {
			isa = XCBuildConfiguration;
			buildSettings = {
				ALWAYS_SEARCH_USER_PATHS = NO;
				ASSETCATALOG_COMPILER_GENERATE_SWIFT_ASSET_SYMBOL_EXTENSIONS = YES;
				CLANG_ANALYZER_NONNULL = YES;
				CLANG_ANALYZER_NUMBER_OBJECT_CONVERSION = YES_AGGRESSIVE;
				CLANG_CXX_LANGUAGE_STANDARD = "gnu++20";
				CLANG_ENABLE_MODULES = YES;
				CLANG_ENABLE_OBJC_ARC = YES;
				CLANG_ENABLE_OBJC_WEAK = YES;
				CLANG_WARN_BLOCK_CAPTURE_AUTORELEASING = YES;
				CLANG_WARN_BOOL_CONVERSION = YES;
				CLANG_WARN_COMMA = YES;
				CLANG_WARN_CONSTANT_CONVERSION = YES;
				CLANG_WARN_DEPRECATED_OBJC_IMPLEMENTATIONS = YES;
				CLANG_WARN_DIRECT_OBJC_ISA_USAGE = YES_ERROR;
				CLANG_WARN_DOCUMENTATION_COMMENTS = YES;
				CLANG_WARN_EMPTY_BODY = YES;
				CLANG_WARN_ENUM_CONVERSION = YES;
				CLANG_WARN_INFINITE_RECURSION = YES;
				CLANG_WARN_INT_CONVERSION = YES;
				CLANG_WARN_NON_LITERAL_NULL_CONVERSION = YES;
				CLANG_WARN_OBJC_IMPLICIT_RETAIN_SELF = YES;
				CLANG_WARN_OBJC_LITERAL_CONVERSION = YES;
				CLANG_WARN_OBJC_ROOT_CLASS = YES_ERROR;
				CLANG_WARN_QUOTED_INCLUDE_IN_FRAMEWORK_HEADER = YES;
				CLANG_WARN_RANGE_LOOP_ANALYSIS = YES;
				CLANG_WARN_STRICT_PROTOTYPES = YES;
				CLANG_WARN_SUSPICIOUS_MOVE = YES;
				CLANG_WARN_UNGUARDED_AVAILABILITY = YES_AGGRESSIVE;
				CLANG_WARN_UNREACHABLE_CODE = YES;
				CLANG_WARN__DUPLICATE_METHOD_MATCH = YES;
				COPY_PHASE_STRIP = NO;
				DEBUG_INFORMATION_FORMAT = dwarf;
				ENABLE_STRICT_OBJC_MSGSEND = YES;
				ENABLE_TESTABILITY = YES;
				ENABLE_USER_SCRIPT_SANDBOXING = YES;
				GCC_C_LANGUAGE_STANDARD = gnu17;
				GCC_DYNAMIC_NO_PIC = NO;
				GCC_NO_COMMON_BLOCKS = YES;
				GCC_OPTIMIZATION_LEVEL = 0;
				GCC_PREPROCESSOR_DEFINITIONS = (
					"DEBUG=1",
					"$(inherited)",
				);
				GCC_WARN_64_TO_32_BIT_CONVERSION = YES;
				GCC_WARN_ABOUT_RETURN_TYPE = YES_ERROR;
				GCC_WARN_UNDECLARED_SELECTOR = YES;
				GCC_WARN_UNINITIALIZED_AUTOS = YES_AGGRESSIVE;
				GCC_WARN_UNUSED_FUNCTION = YES;
				GCC_WARN_UNUSED_VARIABLE = YES;
				IPHONEOS_DEPLOYMENT_TARGET = 18.2;
				LOCALIZATION_PREFERS_STRING_CATALOGS = YES;
				MTL_ENABLE_DEBUG_INFO = INCLUDE_SOURCE;
				MTL_FAST_MATH = YES;
				ONLY_ACTIVE_ARCH = YES;
				SDKROOT = iphoneos;
				SWIFT_ACTIVE_COMPILATION_CONDITIONS = "DEBUG $(inherited)";
				SWIFT_OPTIMIZATION_LEVEL = "-Onone";
			};
			name = Debug;
		};
		3553D3BB2E680A570015AA86 /* Release */ = {
			isa = XCBuildConfiguration;
			buildSettings = {
				ALWAYS_SEARCH_USER_PATHS = NO;
				ASSETCATALOG_COMPILER_GENERATE_SWIFT_ASSET_SYMBOL_EXTENSIONS = YES;
				CLANG_ANALYZER_NONNULL = YES;
				CLANG_ANALYZER_NUMBER_OBJECT_CONVERSION = YES_AGGRESSIVE;
				CLANG_CXX_LANGUAGE_STANDARD = "gnu++20";
				CLANG_ENABLE_MODULES = YES;
				CLANG_ENABLE_OBJC_ARC = YES;
				CLANG_ENABLE_OBJC_WEAK = YES;
				CLANG_WARN_BLOCK_CAPTURE_AUTORELEASING = YES;
				CLANG_WARN_BOOL_CONVERSION = YES;
				CLANG_WARN_COMMA = YES;
				CLANG_WARN_CONSTANT_CONVERSION = YES;
				CLANG_WARN_DEPRECATED_OBJC_IMPLEMENTATIONS = YES;
				CLANG_WARN_DIRECT_OBJC_ISA_USAGE = YES_ERROR;
				CLANG_WARN_DOCUMENTATION_COMMENTS = YES;
				CLANG_WARN_EMPTY_BODY = YES;
				CLANG_WARN_ENUM_CONVERSION = YES;
				CLANG_WARN_INFINITE_RECURSION = YES;
				CLANG_WARN_INT_CONVERSION = YES;
				CLANG_WARN_NON_LITERAL_NULL_CONVERSION = YES;
				CLANG_WARN_OBJC_IMPLICIT_RETAIN_SELF = YES;
				CLANG_WARN_OBJC_LITERAL_CONVERSION = YES;
				CLANG_WARN_OBJC_ROOT_CLASS = YES_ERROR;
				CLANG_WARN_QUOTED_INCLUDE_IN_FRAMEWORK_HEADER = YES;
				CLANG_WARN_RANGE_LOOP_ANALYSIS = YES;
				CLANG_WARN_STRICT_PROTOTYPES = YES;
				CLANG_WARN_SUSPICIOUS_MOVE = YES;
				CLANG_WARN_UNGUARDED_AVAILABILITY = YES_AGGRESSIVE;
				CLANG_WARN_UNREACHABLE_CODE = YES;
				CLANG_WARN__DUPLICATE_METHOD_MATCH = YES;
				COPY_PHASE_STRIP = NO;
				DEBUG_INFORMATION_FORMAT = "dwarf-with-dsym";
				ENABLE_NS_ASSERTIONS = NO;
				ENABLE_STRICT_OBJC_MSGSEND = YES;
				ENABLE_USER_SCRIPT_SANDBOXING = YES;
				GCC_C_LANGUAGE_STANDARD = gnu17;
				GCC_NO_COMMON_BLOCKS = YES;
				GCC_WARN_64_TO_32_BIT_CONVERSION = YES;
				GCC_WARN_ABOUT_RETURN_TYPE = YES_ERROR;
				GCC_WARN_UNDECLARED_SELECTOR = YES;
				GCC_WARN_UNINITIALIZED_AUTOS = YES_AGGRESSIVE;
				GCC_WARN_UNUSED_FUNCTION = YES;
				GCC_WARN_UNUSED_VARIABLE = YES;
				IPHONEOS_DEPLOYMENT_TARGET = 18.2;
				LOCALIZATION_PREFERS_STRING_CATALOGS = YES;
				MTL_ENABLE_DEBUG_INFO = NO;
				MTL_FAST_MATH = YES;
				SDKROOT = iphoneos;
				SWIFT_COMPILATION_MODE = wholemodule;
				VALIDATE_PRODUCT = YES;
			};
			name = Release;
		};
		3553D3BD2E680A570015AA86 /* Debug */ = {
			isa = XCBuildConfiguration;
			buildSettings = {
				ASSETCATALOG_COMPILER_APPICON_NAME = AppIcon;
				ASSETCATALOG_COMPILER_GLOBAL_ACCENT_COLOR_NAME = AccentColor;
				CODE_SIGN_STYLE = Automatic;
				CURRENT_PROJECT_VERSION = 1;
				DEVELOPMENT_ASSET_PATHS = "\"SecureUserDirectory/Preview Content\"";
				DEVELOPMENT_TEAM = VNFYX796P4;
				ENABLE_PREVIEWS = YES;
				GENERATE_INFOPLIST_FILE = YES;
				INFOPLIST_KEY_UIApplicationSceneManifest_Generation = YES;
				INFOPLIST_KEY_UIApplicationSupportsIndirectInputEvents = YES;
				INFOPLIST_KEY_UILaunchScreen_Generation = YES;
				INFOPLIST_KEY_UISupportedInterfaceOrientations_iPad = "UIInterfaceOrientationPortrait UIInterfaceOrientationPortraitUpsideDown UIInterfaceOrientationLandscapeLeft UIInterfaceOrientationLandscapeRight";
				INFOPLIST_KEY_UISupportedInterfaceOrientations_iPhone = "UIInterfaceOrientationPortrait UIInterfaceOrientationLandscapeLeft UIInterfaceOrientationLandscapeRight";
				LD_RUNPATH_SEARCH_PATHS = (
					"$(inherited)",
					"@executable_path/Frameworks",
				);
				MARKETING_VERSION = 1.0;
				PRODUCT_BUNDLE_IDENTIFIER = com.irinfosys.SecureUserDirectory;
				PRODUCT_NAME = "$(TARGET_NAME)";
				SWIFT_EMIT_LOC_STRINGS = YES;
				SWIFT_VERSION = 5.0;
				TARGETED_DEVICE_FAMILY = "1,2";
			};
			name = Debug;
		};
		3553D3BE2E680A570015AA86 /* Release */ = {
			isa = XCBuildConfiguration;
			buildSettings = {
				ASSETCATALOG_COMPILER_APPICON_NAME = AppIcon;
				ASSETCATALOG_COMPILER_GLOBAL_ACCENT_COLOR_NAME = AccentColor;
				CODE_SIGN_STYLE = Automatic;
				CURRENT_PROJECT_VERSION = 1;
				DEVELOPMENT_ASSET_PATHS = "\"SecureUserDirectory/Preview Content\"";
				DEVELOPMENT_TEAM = VNFYX796P4;
				ENABLE_PREVIEWS = YES;
				GENERATE_INFOPLIST_FILE = YES;
				INFOPLIST_KEY_UIApplicationSceneManifest_Generation = YES;
				INFOPLIST_KEY_UIApplicationSupportsIndirectInputEvents = YES;
				INFOPLIST_KEY_UILaunchScreen_Generation = YES;
				INFOPLIST_KEY_UISupportedInterfaceOrientations_iPad = "UIInterfaceOrientationPortrait UIInterfaceOrientationPortraitUpsideDown UIInterfaceOrientationLandscapeLeft UIInterfaceOrientationLandscapeRight";
				INFOPLIST_KEY_UISupportedInterfaceOrientations_iPhone = "UIInterfaceOrientationPortrait UIInterfaceOrientationLandscapeLeft UIInterfaceOrientationLandscapeRight";
				LD_RUNPATH_SEARCH_PATHS = (
					"$(inherited)",
					"@executable_path/Frameworks",
				);
				MARKETING_VERSION = 1.0;
				PRODUCT_BUNDLE_IDENTIFIER = com.irinfosys.SecureUserDirectory;
				PRODUCT_NAME = "$(TARGET_NAME)";
				SWIFT_EMIT_LOC_STRINGS = YES;
				SWIFT_VERSION = 5.0;
				TARGETED_DEVICE_FAMILY = "1,2";
			};
			name = Release;
		};
		3553D3C02E680A570015AA86 /* Debug */ = {
			isa = XCBuildConfiguration;
			buildSettings = {
				BUNDLE_LOADER = "$(TEST_HOST)";
				CODE_SIGN_STYLE = Automatic;
				CURRENT_PROJECT_VERSION = 1;
				DEVELOPMENT_TEAM = VNFYX796P4;
				GENERATE_INFOPLIST_FILE = YES;
				IPHONEOS_DEPLOYMENT_TARGET = 18.2;
				MARKETING_VERSION = 1.0;
				PRODUCT_BUNDLE_IDENTIFIER = com.irinfosys.SecureUserDirectoryTests;
				PRODUCT_NAME = "$(TARGET_NAME)";
				SWIFT_EMIT_LOC_STRINGS = NO;
				SWIFT_VERSION = 5.0;
				TARGETED_DEVICE_FAMILY = "1,2";
				TEST_HOST = "$(BUILT_PRODUCTS_DIR)/SecureUserDirectory.app/$(BUNDLE_EXECUTABLE_FOLDER_PATH)/SecureUserDirectory";
			};
			name = Debug;
		};
		3553D3C12E680A570015AA86 /* Release */ = {
			isa = XCBuildConfiguration;
			buildSettings = {
				BUNDLE_LOADER = "$(TEST_HOST)";
				CODE_SIGN_STYLE = Automatic;
				CURRENT_PROJECT_VERSION = 1;
				DEVELOPMENT_TEAM = VNFYX796P4;
				GENERATE_INFOPLIST_FILE = YES;
				IPHONEOS_DEPLOYMENT_TARGET = 18.2;
				MARKETING_VERSION = 1.0;
				PRODUCT_BUNDLE_IDENTIFIER = com.irinfosys.SecureUserDirectoryTests;
				PRODUCT_NAME = "$(TARGET_NAME)";
				SWIFT_EMIT_LOC_STRINGS = NO;
				SWIFT_VERSION = 5.0;
				TARGETED_DEVICE_FAMILY = "1,2";
				TEST_HOST = "$(BUILT_PRODUCTS_DIR)/SecureUserDirectory.app/$(BUNDLE_EXECUTABLE_FOLDER_PATH)/SecureUserDirectory";
			};
			name = Release;
		};
		3553D3C32E680A570015AA86 /* Debug */ = {
			isa = XCBuildConfiguration;
			buildSettings = {
				CODE_SIGN_STYLE = Automatic;
				CURRENT_PROJECT_VERSION = 1;
				DEVELOPMENT_TEAM = VNFYX796P4;
				GENERATE_INFOPLIST_FILE = YES;
				MARKETING_VERSION = 1.0;
				PRODUCT_BUNDLE_IDENTIFIER = com.irinfosys.SecureUserDirectoryUITests;
				PRODUCT_NAME = "$(TARGET_NAME)";
				SWIFT_EMIT_LOC_STRINGS = NO;
				SWIFT_VERSION = 5.0;
				TARGETED_DEVICE_FAMILY = "1,2";
				TEST_TARGET_NAME = SecureUserDirectory;
			};
			name = Debug;
		};
		3553D3C42E680A570015AA86 /* Release */ = {
			isa = XCBuildConfiguration;
			buildSettings = {
				CODE_SIGN_STYLE = Automatic;
				CURRENT_PROJECT_VERSION = 1;
				DEVELOPMENT_TEAM = VNFYX796P4;
				GENERATE_INFOPLIST_FILE = YES;
				MARKETING_VERSION = 1.0;
				PRODUCT_BUNDLE_IDENTIFIER = com.irinfosys.SecureUserDirectoryUITests;
				PRODUCT_NAME = "$(TARGET_NAME)";
				SWIFT_EMIT_LOC_STRINGS = NO;
				SWIFT_VERSION = 5.0;
				TARGETED_DEVICE_FAMILY = "1,2";
				TEST_TARGET_NAME = SecureUserDirectory;
			};
			name = Release;
		};
/* End XCBuildConfiguration section */

/* Begin XCConfigurationList section */
		3553D3932E680A570015AA86 /* Build configuration list for PBXProject "SecureUserDirectory" */ = {
			isa = XCConfigurationList;
			buildConfigurations = (
				3553D3BA2E680A570015AA86 /* Debug */,
				3553D3BB2E680A570015AA86 /* Release */,
			);
			defaultConfigurationIsVisible = 0;
			defaultConfigurationName = Release;
		};
		3553D3BC2E680A570015AA86 /* Build configuration list for PBXNativeTarget "SecureUserDirectory" */ = {
			isa = XCConfigurationList;
			buildConfigurations = (
				3553D3BD2E680A570015AA86 /* Debug */,
				3553D3BE2E680A570015AA86 /* Release */,
			);
			defaultConfigurationIsVisible = 0;
			defaultConfigurationName = Release;
		};
		3553D3BF2E680A570015AA86 /* Build configuration list for PBXNativeTarget "SecureUserDirectoryTests" */ = {
			isa = XCConfigurationList;
			buildConfigurations = (
				3553D3C02E680A570015AA86 /* Debug */,
				3553D3C12E680A570015AA86 /* Release */,
			);
			defaultConfigurationIsVisible = 0;
			defaultConfigurationName = Release;
		};
		3553D3C22E680A570015AA86 /* Build configuration list for PBXNativeTarget "SecureUserDirectoryUITests" */ = {
			isa = XCConfigurationList;
			buildConfigurations = (
				3553D3C32E680A570015AA86 /* Debug */,
				3553D3C42E680A570015AA86 /* Release */,
			);
			defaultConfigurationIsVisible = 0;
			defaultConfigurationName = Release;
		};
/* End XCConfigurationList section */
	};
	rootObject = 3553D3902E680A570015AA86 /* Project object */;
}
